
Microsoft Visual Studio Solution File, Format Version 12.00
# Visual Studio Version 16
VisualStudioVersion = 16.0.29230.47
MinimumVisualStudioVersion = 10.0.40219.1
Project("{FAE04EC0-301F-11D3-BF4B-00C04F79EFBC}") = "ImagineSoftware", "ImagineSoftware\ImagineSoftware.csproj", "{AA72F9E0-9AA2-46B3-8682-E402F14BA3FA}"
EndProject
Project("{FAE04EC0-301F-11D3-BF4B-00C04F79EFBC}") = "ImagineSoftwareTests", "ImagineSoftwareTests\ImagineSoftwareTests.csproj", "{D4F9DA91-3912-435F-A33D-A1C2105AD614}"
EndProject
Global
	GlobalSection(SolutionConfigurationPlatforms) = preSolution
		Debug|Any CPU = Debug|Any CPU
		Release|Any CPU = Release|Any CPU
	EndGlobalSection
	GlobalSection(ProjectConfigurationPlatforms) = postSolution
		{AA72F9E0-9AA2-46B3-8682-E402F14BA3FA}.Debug|Any CPU.ActiveCfg = Debug|Any CPU
		{AA72F9E0-9AA2-46B3-8682-E402F14BA3FA}.Debug|Any CPU.Build.0 = Debug|Any CPU
		{AA72F9E0-9AA2-46B3-8682-E402F14BA3FA}.Release|Any CPU.ActiveCfg = Release|Any CPU
		{AA72F9E0-9AA2-46B3-8682-E402F14BA3FA}.Release|Any CPU.Build.0 = Release|Any CPU
		{D4F9DA91-3912-435F-A33D-A1C2105AD614}.Debug|Any CPU.ActiveCfg = Debug|Any CPU
		{D4F9DA91-3912-435F-A33D-A1C2105AD614}.Debug|Any CPU.Build.0 = Debug|Any CPU
		{D4F9DA91-3912-435F-A33D-A1C2105AD614}.Release|Any CPU.ActiveCfg = Release|Any CPU
		{D4F9DA91-3912-435F-A33D-A1C2105AD614}.Release|Any CPU.Build.0 = Release|Any CPU
	EndGlobalSection
	GlobalSection(SolutionProperties) = preSolution
		HideSolutionNode = FALSE
	EndGlobalSection
	GlobalSection(ExtensibilityGlobals) = postSolution
		SolutionGuid = {DE8CDF82-556A-4BD5-88BE-33A95B64FD99}
	EndGlobalSection
EndGlobal
